
Microsoft Visual Studio Solution File, Format Version 12.00
# Visual Studio Version 17
VisualStudioVersion = 17.11.35222.181
MinimumVisualStudioVersion = 10.0.40219.1
Project("{FAE04EC0-301F-11D3-BF4B-00C04F79EFBC}") = "calculator.consoleapp", "calculator.consoleapp\calculator.consoleapp.csproj", "{AB3A2A59-B23A-4D15-ACA6-33D5BAA037CE}"
EndProject
Global
	GlobalSection(SolutionConfigurationPlatforms) = preSolution
		Debug|Any CPU = Debug|Any CPU
		Release|Any CPU = Release|Any CPU
	EndGlobalSection
	GlobalSection(ProjectConfigurationPlatforms) = postSolution
		{AB3A2A59-B23A-4D15-ACA6-33D5BAA037CE}.Debug|Any CPU.ActiveCfg = Debug|Any CPU
		{AB3A2A59-B23A-4D15-ACA6-33D5BAA037CE}.Debug|Any CPU.Build.0 = Debug|Any CPU
		{AB3A2A59-B23A-4D15-ACA6-33D5BAA037CE}.Release|Any CPU.ActiveCfg = Release|Any CPU
		{AB3A2A59-B23A-4D15-ACA6-33D5BAA037CE}.Release|Any CPU.Build.0 = Release|Any CPU
	EndGlobalSection
	GlobalSection(SolutionProperties) = preSolution
		HideSolutionNode = FALSE
	EndGlobalSection
	GlobalSection(ExtensibilityGlobals) = postSolution
		SolutionGuid = {9D669591-6661-4270-94C1-3ACC7F9229A0}
	EndGlobalSection
EndGlobal
